// !$*UTF8*$!
{
	archiveVersion = 1;
	classes = {
	};
	objectVersion = 50;
	objects = {

/* Begin PBXBuildFile section */
		46B79BE522F6C84800235DA4 /* AppDelegate.swift in Sources */ = {isa = PBXBuildFile; fileRef = 46B79BE422F6C84800235DA4 /* AppDelegate.swift */; };
		46B79BE722F6C84800235DA4 /* ViewController.swift in Sources */ = {isa = PBXBuildFile; fileRef = 46B79BE622F6C84800235DA4 /* ViewController.swift */; };
		46B79BEA22F6C84800235DA4 /* Main.storyboard in Resources */ = {isa = PBXBuildFile; fileRef = 46B79BE822F6C84800235DA4 /* Main.storyboard */; };
		46B79BEC22F6C84A00235DA4 /* Assets.xcassets in Resources */ = {isa = PBXBuildFile; fileRef = 46B79BEB22F6C84A00235DA4 /* Assets.xcassets */; };
		46B79BEF22F6C84A00235DA4 /* LaunchScreen.storyboard in Resources */ = {isa = PBXBuildFile; fileRef = 46B79BED22F6C84A00235DA4 /* LaunchScreen.storyboard */; };
		46B79BF822F6C87F00235DA4 /* FloatingTextField.swift in Sources */ = {isa = PBXBuildFile; fileRef = 46B79BF722F6C87F00235DA4 /* FloatingTextField.swift */; };
/* End PBXBuildFile section */

/* Begin PBXFileReference section */
		46B79BE122F6C84800235DA4 /* FloatingTextField-Example.app */ = {isa = PBXFileReference; explicitFileType = wrapper.application; includeInIndex = 0; path = "FloatingTextField-Example.app"; sourceTree = BUILT_PRODUCTS_DIR; };
		46B79BE422F6C84800235DA4 /* AppDelegate.swift */ = {isa = PBXFileReference; lastKnownFileType = sourcecode.swift; path = AppDelegate.swift; sourceTree = "<group>"; };
		46B79BE622F6C84800235DA4 /* ViewController.swift */ = {isa = PBXFileReference; lastKnownFileType = sourcecode.swift; path = ViewController.swift; sourceTree = "<group>"; };
		46B79BE922F6C84800235DA4 /* Base */ = {isa = PBXFileReference; lastKnownFileType = file.storyboard; name = Base; path = Base.lproj/Main.storyboard; sourceTree = "<group>"; };
		46B79BEB22F6C84A00235DA4 /* Assets.xcassets */ = {isa = PBXFileReference; lastKnownFileType = folder.assetcatalog; path = Assets.xcassets; sourceTree = "<group>"; };
		46B79BEE22F6C84A00235DA4 /* Base */ = {isa = PBXFileReference; lastKnownFileType = file.storyboard; name = Base; path = Base.lproj/LaunchScreen.storyboard; sourceTree = "<group>"; };
		46B79BF022F6C84A00235DA4 /* Info.plist */ = {isa = PBXFileReference; lastKnownFileType = text.plist.xml; path = Info.plist; sourceTree = "<group>"; };
		46B79BF722F6C87F00235DA4 /* FloatingTextField.swift */ = {isa = PBXFileReference; fileEncoding = 4; lastKnownFileType = sourcecode.swift; name = FloatingTextField.swift; path = ../../../FloatingTextField.swift; sourceTree = "<group>"; };
/* End PBXFileReference section */

/* Begin PBXFrameworksBuildPhase section */
		46B79BDE22F6C84800235DA4 /* Frameworks */ = {
			isa = PBXFrameworksBuildPhase;
			buildActionMask = 2147483647;
			files = (
			);
			runOnlyForDeploymentPostprocessing = 0;
		};
/* End PBXFrameworksBuildPhase section */

/* Begin PBXGroup section */
		46B79BD822F6C84800235DA4 = {
			isa = PBXGroup;
			children = (
				46B79BE322F6C84800235DA4 /* FloatingTextField-Example */,
				46B79BE222F6C84800235DA4 /* Products */,
			);
			sourceTree = "<group>";
		};
		46B79BE222F6C84800235DA4 /* Products */ = {
			isa = PBXGroup;
			children = (
				46B79BE122F6C84800235DA4 /* FloatingTextField-Example.app */,
			);
			name = Products;
			sourceTree = "<group>";
		};
		46B79BE322F6C84800235DA4 /* FloatingTextField-Example */ = {
			isa = PBXGroup;
			children = (
				46B79BF622F6C87600235DA4 /* Views */,
				46B79BE422F6C84800235DA4 /* AppDelegate.swift */,
				46B79BE622F6C84800235DA4 /* ViewController.swift */,
				46B79BE822F6C84800235DA4 /* Main.storyboard */,
				46B79BEB22F6C84A00235DA4 /* Assets.xcassets */,
				46B79BED22F6C84A00235DA4 /* LaunchScreen.storyboard */,
				46B79BF022F6C84A00235DA4 /* Info.plist */,
			);
			path = "FloatingTextField-Example";
			sourceTree = "<group>";
		};
		46B79BF622F6C87600235DA4 /* Views */ = {
			isa = PBXGroup;
			children = (
				46B79BF722F6C87F00235DA4 /* FloatingTextField.swift */,
			);
			path = Views;
			sourceTree = "<group>";
		};
/* End PBXGroup section */

/* Begin PBXNativeTarget section */
		46B79BE022F6C84800235DA4 /* FloatingTextField-Example */ = {
			isa = PBXNativeTarget;
			buildConfigurationList = 46B79BF322F6C84A00235DA4 /* Build configuration list for PBXNativeTarget "FloatingTextField-Example" */;
			buildPhases = (
				46B79BDD22F6C84800235DA4 /* Sources */,
				46B79BDE22F6C84800235DA4 /* Frameworks */,
				46B79BDF22F6C84800235DA4 /* Resources */,
			);
			buildRules = (
			);
			dependencies = (
			);
			name = "FloatingTextField-Example";
			productName = "FloatingTextField-Example";
			productReference = 46B79BE122F6C84800235DA4 /* FloatingTextField-Example.app */;
			productType = "com.apple.product-type.application";
		};
/* End PBXNativeTarget section */

/* Begin PBXProject section */
		46B79BD922F6C84800235DA4 /* Project object */ = {
			isa = PBXProject;
			attributes = {
				LastSwiftUpdateCheck = 1030;
				LastUpgradeCheck = 1030;
				ORGANIZATIONNAME = Abhishek;
				TargetAttributes = {
					46B79BE022F6C84800235DA4 = {
						CreatedOnToolsVersion = 10.3;
					};
				};
			};
			buildConfigurationList = 46B79BDC22F6C84800235DA4 /* Build configuration list for PBXProject "FloatingTextField-Example" */;
			compatibilityVersion = "Xcode 9.3";
			developmentRegion = en;
			hasScannedForEncodings = 0;
			knownRegions = (
				en,
				Base,
			);
			mainGroup = 46B79BD822F6C84800235DA4;
			productRefGroup = 46B79BE222F6C84800235DA4 /* Products */;
			projectDirPath = "";
			projectRoot = "";
			targets = (
				46B79BE022F6C84800235DA4 /* FloatingTextField-Example */,
			);
		};
/* End PBXProject section */

/* Begin PBXResourcesBuildPhase section */
		46B79BDF22F6C84800235DA4 /* Resources */ = {
			isa = PBXResourcesBuildPhase;
			buildActionMask = 2147483647;
			files = (
				46B79BEF22F6C84A00235DA4 /* LaunchScreen.storyboard in Resources */,
				46B79BEC22F6C84A00235DA4 /* Assets.xcassets in Resources */,
				46B79BEA22F6C84800235DA4 /* Main.storyboard in Resources */,
			);
			runOnlyForDeploymentPostprocessing = 0;
		};
/* End PBXResourcesBuildPhase section */

/* Begin PBXSourcesBuildPhase section */
		46B79BDD22F6C84800235DA4 /* Sources */ = {
			isa = PBXSourcesBuildPhase;
			buildActionMask = 2147483647;
			files = (
				46B79BE722F6C84800235DA4 /* ViewController.swift in Sources */,
				46B79BF822F6C87F00235DA4 /* FloatingTextField.swift in Sources */,
				46B79BE522F6C84800235DA4 /* AppDelegate.swift in Sources */,
			);
			runOnlyForDeploymentPostprocessing = 0;
		};
/* End PBXSourcesBuildPhase section */

/* Begin PBXVariantGroup section */
		46B79BE822F6C84800235DA4 /* Main.storyboard */ = {
			isa = PBXVariantGroup;
			children = (
				46B79BE922F6C84800235DA4 /* Base */,
			);
			name = Main.storyboard;
			sourceTree = "<group>";
		};
		46B79BED22F6C84A00235DA4 /* LaunchScreen.storyboard */ = {
			isa = PBXVariantGroup;
			children = (
				46B79BEE22F6C84A00235DA4 /* Base */,
			);
			name = LaunchScreen.storyboard;
			sourceTree = "<group>";
		};
/* End PBXVariantGroup section */

/* Begin XCBuildConfiguration section */
		46B79BF122F6C84A00235DA4 /* Debug */ = {
			isa = XCBuildConfiguration;
			buildSettings = {
				ALWAYS_SEARCH_USER_PATHS = NO;
				CLANG_ANALYZER_NONNULL = YES;
				CLANG_ANALYZER_NUMBER_OBJECT_CONVERSION = YES_AGGRESSIVE;
				CLANG_CXX_LANGUAGE_STANDARD = "gnu++14";
				CLANG_CXX_LIBRARY = "libc++";
				CLANG_ENABLE_MODULES = YES;
				CLANG_ENABLE_OBJC_ARC = YES;
				CLANG_ENABLE_OBJC_WEAK = YES;
				CLANG_WARN_BLOCK_CAPTURE_AUTORELEASING = YES;
				CLANG_WARN_BOOL_CONVERSION = YES;
				CLANG_WARN_COMMA = YES;
				CLANG_WARN_CONSTANT_CONVERSION = YES;
				CLANG_WARN_DEPRECATED_OBJC_IMPLEMENTATIONS = YES;
				CLANG_WARN_DIRECT_OBJC_ISA_USAGE = YES_ERROR;
				CLANG_WARN_DOCUMENTATION_COMMENTS = YES;
				CLANG_WARN_EMPTY_BODY = YES;
				CLANG_WARN_ENUM_CONVERSION = YES;
				CLANG_WARN_INFINITE_RECURSION = YES;
				CLANG_WARN_INT_CONVERSION = YES;
				CLANG_WARN_NON_LITERAL_NULL_CONVERSION = YES;
				CLANG_WARN_OBJC_IMPLICIT_RETAIN_SELF = YES;
				CLANG_WARN_OBJC_LITERAL_CONVERSION = YES;
				CLANG_WARN_OBJC_ROOT_CLASS = YES_ERROR;
				CLANG_WARN_RANGE_LOOP_ANALYSIS = YES;
				CLANG_WARN_STRICT_PROTOTYPES = YES;
				CLANG_WARN_SUSPICIOUS_MOVE = YES;
				CLANG_WARN_UNGUARDED_AVAILABILITY = YES_AGGRESSIVE;
				CLANG_WARN_UNREACHABLE_CODE = YES;
				CLANG_WARN__DUPLICATE_METHOD_MATCH = YES;
				CODE_SIGN_IDENTITY = "iPhone Developer";
				COPY_PHASE_STRIP = NO;
				DEBUG_INFORMATION_FORMAT = dwarf;
				ENABLE_STRICT_OBJC_MSGSEND = YES;
				ENABLE_TESTABILITY = YES;
				GCC_C_LANGUAGE_STANDARD = gnu11;
				GCC_DYNAMIC_NO_PIC = NO;
				GCC_NO_COMMON_BLOCKS = YES;
				GCC_OPTIMIZATION_LEVEL = 0;
				GCC_PREPROCESSOR_DEFINITIONS = (
					"DEBUG=1",
					"$(inherited)",
				);
				GCC_WARN_64_TO_32_BIT_CONVERSION = YES;
				GCC_WARN_ABOUT_RETURN_TYPE = YES_ERROR;
				GCC_WARN_UNDECLARED_SELECTOR = YES;
				GCC_WARN_UNINITIALIZED_AUTOS = YES_AGGRESSIVE;
				GCC_WARN_UNUSED_FUNCTION = YES;
				GCC_WARN_UNUSED_VARIABLE = YES;
				IPHONEOS_DEPLOYMENT_TARGET = 12.4;
				MTL_ENABLE_DEBUG_INFO = INCLUDE_SOURCE;
				MTL_FAST_MATH = YES;
				ONLY_ACTIVE_ARCH = YES;
				SDKROOT = iphoneos;
				SWIFT_ACTIVE_COMPILATION_CONDITIONS = DEBUG;
				SWIFT_OPTIMIZATION_LEVEL = "-Onone";
			};
			name = Debug;
		};
		46B79BF222F6C84A00235DA4 /* Release */ = {
			isa = XCBuildConfiguration;
			buildSettings = {
				ALWAYS_SEARCH_USER_PATHS = NO;
				CLANG_ANALYZER_NONNULL = YES;
				CLANG_ANALYZER_NUMBER_OBJECT_CONVERSION = YES_AGGRESSIVE;
				CLANG_CXX_LANGUAGE_STANDARD = "gnu++14";
				CLANG_CXX_LIBRARY = "libc++";
				CLANG_ENABLE_MODULES = YES;
				CLANG_ENABLE_OBJC_ARC = YES;
				CLANG_ENABLE_OBJC_WEAK = YES;
				CLANG_WARN_BLOCK_CAPTURE_AUTORELEASING = YES;
				CLANG_WARN_BOOL_CONVERSION = YES;
				CLANG_WARN_COMMA = YES;
				CLANG_WARN_CONSTANT_CONVERSION = YES;
				CLANG_WARN_DEPRECATED_OBJC_IMPLEMENTATIONS = YES;
				CLANG_WARN_DIRECT_OBJC_ISA_USAGE = YES_ERROR;
				CLANG_WARN_DOCUMENTATION_COMMENTS = YES;
				CLANG_WARN_EMPTY_BODY = YES;
				CLANG_WARN_ENUM_CONVERSION = YES;
				CLANG_WARN_INFINITE_RECURSION = YES;
				CLANG_WARN_INT_CONVERSION = YES;
				CLANG_WARN_NON_LITERAL_NULL_CONVERSION = YES;
				CLANG_WARN_OBJC_IMPLICIT_RETAIN_SELF = YES;
				CLANG_WARN_OBJC_LITERAL_CONVERSION = YES;
				CLANG_WARN_OBJC_ROOT_CLASS = YES_ERROR;
				CLANG_WARN_RANGE_LOOP_ANALYSIS = YES;
				CLANG_WARN_STRICT_PROTOTYPES = YES;
				CLANG_WARN_SUSPICIOUS_MOVE = YES;
				CLANG_WARN_UNGUARDED_AVAILABILITY = YES_AGGRESSIVE;
				CLANG_WARN_UNREACHABLE_CODE = YES;
				CLANG_WARN__DUPLICATE_METHOD_MATCH = YES;
				CODE_SIGN_IDENTITY = "iPhone Developer";
				COPY_PHASE_STRIP = NO;
				DEBUG_INFORMATION_FORMAT = "dwarf-with-dsym";
				ENABLE_NS_ASSERTIONS = NO;
				ENABLE_STRICT_OBJC_MSGSEND = YES;
				GCC_C_LANGUAGE_STANDARD = gnu11;
				GCC_NO_COMMON_BLOCKS = YES;
				GCC_WARN_64_TO_32_BIT_CONVERSION = YES;
				GCC_WARN_ABOUT_RETURN_TYPE = YES_ERROR;
				GCC_WARN_UNDECLARED_SELECTOR = YES;
				GCC_WARN_UNINITIALIZED_AUTOS = YES_AGGRESSIVE;
				GCC_WARN_UNUSED_FUNCTION = YES;
				GCC_WARN_UNUSED_VARIABLE = YES;
				IPHONEOS_DEPLOYMENT_TARGET = 12.4;
				MTL_ENABLE_DEBUG_INFO = NO;
				MTL_FAST_MATH = YES;
				SDKROOT = iphoneos;
				SWIFT_COMPILATION_MODE = wholemodule;
				SWIFT_OPTIMIZATION_LEVEL = "-O";
				VALIDATE_PRODUCT = YES;
			};
			name = Release;
		};
		46B79BF422F6C84A00235DA4 /* Debug */ = {
			isa = XCBuildConfiguration;
			buildSettings = {
				ASSETCATALOG_COMPILER_APPICON_NAME = AppIcon;
				CODE_SIGN_STYLE = Automatic;
				DEVELOPMENT_TEAM = 68A6P5UR82;
				INFOPLIST_FILE = "FloatingTextField-Example/Info.plist";
				LD_RUNPATH_SEARCH_PATHS = (
					"$(inherited)",
					"@executable_path/Frameworks",
				);
				PRODUCT_BUNDLE_IDENTIFIER = "com.Abhishek.FloatingTextField-Example";
				PRODUCT_NAME = "$(TARGET_NAME)";
				SWIFT_VERSION = 5.0;
				TARGETED_DEVICE_FAMILY = "1,2";
			};
			name = Debug;
		};
		46B79BF522F6C84A00235DA4 /* Release */ = {
			isa = XCBuildConfiguration;
			buildSettings = {
				ASSETCATALOG_COMPILER_APPICON_NAME = AppIcon;
				CODE_SIGN_STYLE = Automatic;
				DEVELOPMENT_TEAM = 68A6P5UR82;
				INFOPLIST_FILE = "FloatingTextField-Example/Info.plist";
				LD_RUNPATH_SEARCH_PATHS = (
					"$(inherited)",
					"@executable_path/Frameworks",
				);
				PRODUCT_BUNDLE_IDENTIFIER = "com.Abhishek.FloatingTextField-Example";
				PRODUCT_NAME = "$(TARGET_NAME)";
				SWIFT_VERSION = 5.0;
				TARGETED_DEVICE_FAMILY = "1,2";
			};
			name = Release;
		};
/* End XCBuildConfiguration section */

/* Begin XCConfigurationList section */
		46B79BDC22F6C84800235DA4 /* Build configuration list for PBXProject "FloatingTextField-Example" */ = {
			isa = XCConfigurationList;
			buildConfigurations = (
				46B79BF122F6C84A00235DA4 /* Debug */,
				46B79BF222F6C84A00235DA4 /* Release */,
			);
			defaultConfigurationIsVisible = 0;
			defaultConfigurationName = Release;
		};
		46B79BF322F6C84A00235DA4 /* Build configuration list for PBXNativeTarget "FloatingTextField-Example" */ = {
			isa = XCConfigurationList;
			buildConfigurations = (
				46B79BF422F6C84A00235DA4 /* Debug */,
				46B79BF522F6C84A00235DA4 /* Release */,
			);
			defaultConfigurationIsVisible = 0;
			defaultConfigurationName = Release;
		};
/* End XCConfigurationList section */
	};
	rootObject = 46B79BD922F6C84800235DA4 /* Project object */;
}
